// !$*UTF8*$!
{
	archiveVersion = 1;
	classes = {
	};
	objectVersion = 50;
	objects = {

/* Begin PBXBuildFile section */
		BF7344D223FA3C0F005997A0 /* AppDelegate.swift in Sources */ = {isa = PBXBuildFile; fileRef = BF7344D123FA3C0F005997A0 /* AppDelegate.swift */; };
		BF7344DB23FA3C12005997A0 /* Assets.xcassets in Resources */ = {isa = PBXBuildFile; fileRef = BF7344DA23FA3C12005997A0 /* Assets.xcassets */; };
		BF7344DE23FA3C12005997A0 /* LaunchScreen.storyboard in Resources */ = {isa = PBXBuildFile; fileRef = BF7344DC23FA3C12005997A0 /* LaunchScreen.storyboard */; };
		BF7344EA23FA439C005997A0 /* MainViewController.swift in Sources */ = {isa = PBXBuildFile; fileRef = BF7344E623FA439C005997A0 /* MainViewController.swift */; };
		BF7344EE23FA43B9005997A0 /* Main.storyboard in Resources */ = {isa = PBXBuildFile; fileRef = BF7344EC23FA43B9005997A0 /* Main.storyboard */; };
		BF7344F123FA43FC005997A0 /* MainTableViewCell.swift in Sources */ = {isa = PBXBuildFile; fileRef = BF7344EF23FA43FC005997A0 /* MainTableViewCell.swift */; };
		BF7344F223FA43FC005997A0 /* MainTableViewCell.xib in Resources */ = {isa = PBXBuildFile; fileRef = BF7344F023FA43FC005997A0 /* MainTableViewCell.xib */; };
/* End PBXBuildFile section */

/* Begin PBXFileReference section */
		BF7344CE23FA3C0F005997A0 /* VocaPower.app */ = {isa = PBXFileReference; explicitFileType = wrapper.application; includeInIndex = 0; path = VocaPower.app; sourceTree = BUILT_PRODUCTS_DIR; };
		BF7344D123FA3C0F005997A0 /* AppDelegate.swift */ = {isa = PBXFileReference; lastKnownFileType = sourcecode.swift; path = AppDelegate.swift; sourceTree = "<group>"; };
		BF7344DA23FA3C12005997A0 /* Assets.xcassets */ = {isa = PBXFileReference; lastKnownFileType = folder.assetcatalog; path = Assets.xcassets; sourceTree = "<group>"; };
		BF7344DD23FA3C12005997A0 /* Base */ = {isa = PBXFileReference; lastKnownFileType = file.storyboard; name = Base; path = Base.lproj/LaunchScreen.storyboard; sourceTree = "<group>"; };
		BF7344DF23FA3C12005997A0 /* Info.plist */ = {isa = PBXFileReference; lastKnownFileType = text.plist.xml; path = Info.plist; sourceTree = "<group>"; };
		BF7344E623FA439C005997A0 /* MainViewController.swift */ = {isa = PBXFileReference; fileEncoding = 4; lastKnownFileType = sourcecode.swift; path = MainViewController.swift; sourceTree = "<group>"; };
		BF7344ED23FA43B9005997A0 /* Base */ = {isa = PBXFileReference; lastKnownFileType = file.storyboard; name = Base; path = Base.lproj/Main.storyboard; sourceTree = "<group>"; };
		BF7344EF23FA43FC005997A0 /* MainTableViewCell.swift */ = {isa = PBXFileReference; lastKnownFileType = sourcecode.swift; path = MainTableViewCell.swift; sourceTree = "<group>"; };
		BF7344F023FA43FC005997A0 /* MainTableViewCell.xib */ = {isa = PBXFileReference; lastKnownFileType = file.xib; path = MainTableViewCell.xib; sourceTree = "<group>"; };
/* End PBXFileReference section */

/* Begin PBXFrameworksBuildPhase section */
		BF7344CB23FA3C0F005997A0 /* Frameworks */ = {
			isa = PBXFrameworksBuildPhase;
			buildActionMask = 2147483647;
			files = (
			);
			runOnlyForDeploymentPostprocessing = 0;
		};
/* End PBXFrameworksBuildPhase section */

/* Begin PBXGroup section */
		BF7344C523FA3C0F005997A0 = {
			isa = PBXGroup;
			children = (
				BF7344D023FA3C0F005997A0 /* VocaPower */,
				BF7344CF23FA3C0F005997A0 /* Products */,
			);
			sourceTree = "<group>";
		};
		BF7344CF23FA3C0F005997A0 /* Products */ = {
			isa = PBXGroup;
			children = (
				BF7344CE23FA3C0F005997A0 /* VocaPower.app */,
			);
			name = Products;
			sourceTree = "<group>";
		};
		BF7344D023FA3C0F005997A0 /* VocaPower */ = {
			isa = PBXGroup;
			children = (
				BF7344E523FA436A005997A0 /* Home */,
				BF7344D123FA3C0F005997A0 /* AppDelegate.swift */,
				BF7344DA23FA3C12005997A0 /* Assets.xcassets */,
				BF7344DC23FA3C12005997A0 /* LaunchScreen.storyboard */,
				BF7344DF23FA3C12005997A0 /* Info.plist */,
			);
			path = VocaPower;
			sourceTree = "<group>";
		};
		BF7344E523FA436A005997A0 /* Home */ = {
			isa = PBXGroup;
			children = (
				BF7344EC23FA43B9005997A0 /* Main.storyboard */,
				BF7344E623FA439C005997A0 /* MainViewController.swift */,
				BF7344EF23FA43FC005997A0 /* MainTableViewCell.swift */,
				BF7344F023FA43FC005997A0 /* MainTableViewCell.xib */,
			);
			path = Home;
			sourceTree = "<group>";
		};
/* End PBXGroup section */

/* Begin PBXNativeTarget section */
		BF7344CD23FA3C0F005997A0 /* VocaPower */ = {
			isa = PBXNativeTarget;
			buildConfigurationList = BF7344E223FA3C12005997A0 /* Build configuration list for PBXNativeTarget "VocaPower" */;
			buildPhases = (
				BF7344CA23FA3C0F005997A0 /* Sources */,
				BF7344CB23FA3C0F005997A0 /* Frameworks */,
				BF7344CC23FA3C0F005997A0 /* Resources */,
			);
			buildRules = (
			);
			dependencies = (
			);
			name = VocaPower;
			productName = VocaPower;
			productReference = BF7344CE23FA3C0F005997A0 /* VocaPower.app */;
			productType = "com.apple.product-type.application";
		};
/* End PBXNativeTarget section */

/* Begin PBXProject section */
		BF7344C623FA3C0F005997A0 /* Project object */ = {
			isa = PBXProject;
			attributes = {
				LastSwiftUpdateCheck = 1130;
				LastUpgradeCheck = 1130;
				ORGANIZATIONNAME = "Rubaiyat Jahan Mumu";
				TargetAttributes = {
					BF7344CD23FA3C0F005997A0 = {
						CreatedOnToolsVersion = 11.3.1;
					};
				};
			};
			buildConfigurationList = BF7344C923FA3C0F005997A0 /* Build configuration list for PBXProject "VocaPower" */;
			compatibilityVersion = "Xcode 9.3";
			developmentRegion = en;
			hasScannedForEncodings = 0;
			knownRegions = (
				en,
				Base,
			);
			mainGroup = BF7344C523FA3C0F005997A0;
			productRefGroup = BF7344CF23FA3C0F005997A0 /* Products */;
			projectDirPath = "";
			projectRoot = "";
			targets = (
				BF7344CD23FA3C0F005997A0 /* VocaPower */,
			);
		};
/* End PBXProject section */

/* Begin PBXResourcesBuildPhase section */
		BF7344CC23FA3C0F005997A0 /* Resources */ = {
			isa = PBXResourcesBuildPhase;
			buildActionMask = 2147483647;
			files = (
				BF7344EE23FA43B9005997A0 /* Main.storyboard in Resources */,
				BF7344DE23FA3C12005997A0 /* LaunchScreen.storyboard in Resources */,
				BF7344F223FA43FC005997A0 /* MainTableViewCell.xib in Resources */,
				BF7344DB23FA3C12005997A0 /* Assets.xcassets in Resources */,
			);
			runOnlyForDeploymentPostprocessing = 0;
		};
/* End PBXResourcesBuildPhase section */

/* Begin PBXSourcesBuildPhase section */
		BF7344CA23FA3C0F005997A0 /* Sources */ = {
			isa = PBXSourcesBuildPhase;
			buildActionMask = 2147483647;
			files = (
				BF7344D223FA3C0F005997A0 /* AppDelegate.swift in Sources */,
				BF7344F123FA43FC005997A0 /* MainTableViewCell.swift in Sources */,
				BF7344EA23FA439C005997A0 /* MainViewController.swift in Sources */,
			);
			runOnlyForDeploymentPostprocessing = 0;
		};
/* End PBXSourcesBuildPhase section */

/* Begin PBXVariantGroup section */
		BF7344DC23FA3C12005997A0 /* LaunchScreen.storyboard */ = {
			isa = PBXVariantGroup;
			children = (
				BF7344DD23FA3C12005997A0 /* Base */,
			);
			name = LaunchScreen.storyboard;
			sourceTree = "<group>";
		};
		BF7344EC23FA43B9005997A0 /* Main.storyboard */ = {
			isa = PBXVariantGroup;
			children = (
				BF7344ED23FA43B9005997A0 /* Base */,
			);
			name = Main.storyboard;
			sourceTree = "<group>";
		};
/* End PBXVariantGroup section */

/* Begin XCBuildConfiguration section */
		BF7344E023FA3C12005997A0 /* Debug */ = {
			isa = XCBuildConfiguration;
			buildSettings = {
				ALWAYS_SEARCH_USER_PATHS = NO;
				CLANG_ANALYZER_NONNULL = YES;
				CLANG_ANALYZER_NUMBER_OBJECT_CONVERSION = YES_AGGRESSIVE;
				CLANG_CXX_LANGUAGE_STANDARD = "gnu++14";
				CLANG_CXX_LIBRARY = "libc++";
				CLANG_ENABLE_MODULES = YES;
				CLANG_ENABLE_OBJC_ARC = YES;
				CLANG_ENABLE_OBJC_WEAK = YES;
				CLANG_WARN_BLOCK_CAPTURE_AUTORELEASING = YES;
				CLANG_WARN_BOOL_CONVERSION = YES;
				CLANG_WARN_COMMA = YES;
				CLANG_WARN_CONSTANT_CONVERSION = YES;
				CLANG_WARN_DEPRECATED_OBJC_IMPLEMENTATIONS = YES;
				CLANG_WARN_DIRECT_OBJC_ISA_USAGE = YES_ERROR;
				CLANG_WARN_DOCUMENTATION_COMMENTS = YES;
				CLANG_WARN_EMPTY_BODY = YES;
				CLANG_WARN_ENUM_CONVERSION = YES;
				CLANG_WARN_INFINITE_RECURSION = YES;
				CLANG_WARN_INT_CONVERSION = YES;
				CLANG_WARN_NON_LITERAL_NULL_CONVERSION = YES;
				CLANG_WARN_OBJC_IMPLICIT_RETAIN_SELF = YES;
				CLANG_WARN_OBJC_LITERAL_CONVERSION = YES;
				CLANG_WARN_OBJC_ROOT_CLASS = YES_ERROR;
				CLANG_WARN_RANGE_LOOP_ANALYSIS = YES;
				CLANG_WARN_STRICT_PROTOTYPES = YES;
				CLANG_WARN_SUSPICIOUS_MOVE = YES;
				CLANG_WARN_UNGUARDED_AVAILABILITY = YES_AGGRESSIVE;
				CLANG_WARN_UNREACHABLE_CODE = YES;
				CLANG_WARN__DUPLICATE_METHOD_MATCH = YES;
				COPY_PHASE_STRIP = NO;
				DEBUG_INFORMATION_FORMAT = dwarf;
				ENABLE_STRICT_OBJC_MSGSEND = YES;
				ENABLE_TESTABILITY = YES;
				GCC_C_LANGUAGE_STANDARD = gnu11;
				GCC_DYNAMIC_NO_PIC = NO;
				GCC_NO_COMMON_BLOCKS = YES;
				GCC_OPTIMIZATION_LEVEL = 0;
				GCC_PREPROCESSOR_DEFINITIONS = (
					"DEBUG=1",
					"$(inherited)",
				);
				GCC_WARN_64_TO_32_BIT_CONVERSION = YES;
				GCC_WARN_ABOUT_RETURN_TYPE = YES_ERROR;
				GCC_WARN_UNDECLARED_SELECTOR = YES;
				GCC_WARN_UNINITIALIZED_AUTOS = YES_AGGRESSIVE;
				GCC_WARN_UNUSED_FUNCTION = YES;
				GCC_WARN_UNUSED_VARIABLE = YES;
				IPHONEOS_DEPLOYMENT_TARGET = 13.2;
				MTL_ENABLE_DEBUG_INFO = INCLUDE_SOURCE;
				MTL_FAST_MATH = YES;
				ONLY_ACTIVE_ARCH = YES;
				SDKROOT = iphoneos;
				SWIFT_ACTIVE_COMPILATION_CONDITIONS = DEBUG;
				SWIFT_OPTIMIZATION_LEVEL = "-Onone";
			};
			name = Debug;
		};
		BF7344E123FA3C12005997A0 /* Release */ = {
			isa = XCBuildConfiguration;
			buildSettings = {
				ALWAYS_SEARCH_USER_PATHS = NO;
				CLANG_ANALYZER_NONNULL = YES;
				CLANG_ANALYZER_NUMBER_OBJECT_CONVERSION = YES_AGGRESSIVE;
				CLANG_CXX_LANGUAGE_STANDARD = "gnu++14";
				CLANG_CXX_LIBRARY = "libc++";
				CLANG_ENABLE_MODULES = YES;
				CLANG_ENABLE_OBJC_ARC = YES;
				CLANG_ENABLE_OBJC_WEAK = YES;
				CLANG_WARN_BLOCK_CAPTURE_AUTORELEASING = YES;
				CLANG_WARN_BOOL_CONVERSION = YES;
				CLANG_WARN_COMMA = YES;
				CLANG_WARN_CONSTANT_CONVERSION = YES;
				CLANG_WARN_DEPRECATED_OBJC_IMPLEMENTATIONS = YES;
				CLANG_WARN_DIRECT_OBJC_ISA_USAGE = YES_ERROR;
				CLANG_WARN_DOCUMENTATION_COMMENTS = YES;
				CLANG_WARN_EMPTY_BODY = YES;
				CLANG_WARN_ENUM_CONVERSION = YES;
				CLANG_WARN_INFINITE_RECURSION = YES;
				CLANG_WARN_INT_CONVERSION = YES;
				CLANG_WARN_NON_LITERAL_NULL_CONVERSION = YES;
				CLANG_WARN_OBJC_IMPLICIT_RETAIN_SELF = YES;
				CLANG_WARN_OBJC_LITERAL_CONVERSION = YES;
				CLANG_WARN_OBJC_ROOT_CLASS = YES_ERROR;
				CLANG_WARN_RANGE_LOOP_ANALYSIS = YES;
				CLANG_WARN_STRICT_PROTOTYPES = YES;
				CLANG_WARN_SUSPICIOUS_MOVE = YES;
				CLANG_WARN_UNGUARDED_AVAILABILITY = YES_AGGRESSIVE;
				CLANG_WARN_UNREACHABLE_CODE = YES;
				CLANG_WARN__DUPLICATE_METHOD_MATCH = YES;
				COPY_PHASE_STRIP = NO;
				DEBUG_INFORMATION_FORMAT = "dwarf-with-dsym";
				ENABLE_NS_ASSERTIONS = NO;
				ENABLE_STRICT_OBJC_MSGSEND = YES;
				GCC_C_LANGUAGE_STANDARD = gnu11;
				GCC_NO_COMMON_BLOCKS = YES;
				GCC_WARN_64_TO_32_BIT_CONVERSION = YES;
				GCC_WARN_ABOUT_RETURN_TYPE = YES_ERROR;
				GCC_WARN_UNDECLARED_SELECTOR = YES;
				GCC_WARN_UNINITIALIZED_AUTOS = YES_AGGRESSIVE;
				GCC_WARN_UNUSED_FUNCTION = YES;
				GCC_WARN_UNUSED_VARIABLE = YES;
				IPHONEOS_DEPLOYMENT_TARGET = 13.2;
				MTL_ENABLE_DEBUG_INFO = NO;
				MTL_FAST_MATH = YES;
				SDKROOT = iphoneos;
				SWIFT_COMPILATION_MODE = wholemodule;
				SWIFT_OPTIMIZATION_LEVEL = "-O";
				VALIDATE_PRODUCT = YES;
			};
			name = Release;
		};
		BF7344E323FA3C12005997A0 /* Debug */ = {
			isa = XCBuildConfiguration;
			buildSettings = {
				ASSETCATALOG_COMPILER_APPICON_NAME = AppIcon;
				CODE_SIGN_STYLE = Automatic;
				INFOPLIST_FILE = VocaPower/Info.plist;
				IPHONEOS_DEPLOYMENT_TARGET = 11.0;
				LD_RUNPATH_SEARCH_PATHS = (
					"$(inherited)",
					"@executable_path/Frameworks",
				);
				PRODUCT_BUNDLE_IDENTIFIER = com.rubaiyat.VocaPower;
				PRODUCT_NAME = "$(TARGET_NAME)";
				SWIFT_VERSION = 5.0;
				TARGETED_DEVICE_FAMILY = "1,2";
			};
			name = Debug;
		};
		BF7344E423FA3C12005997A0 /* Release */ = {
			isa = XCBuildConfiguration;
			buildSettings = {
				ASSETCATALOG_COMPILER_APPICON_NAME = AppIcon;
				CODE_SIGN_STYLE = Automatic;
				INFOPLIST_FILE = VocaPower/Info.plist;
				IPHONEOS_DEPLOYMENT_TARGET = 11.0;
				LD_RUNPATH_SEARCH_PATHS = (
					"$(inherited)",
					"@executable_path/Frameworks",
				);
				PRODUCT_BUNDLE_IDENTIFIER = com.rubaiyat.VocaPower;
				PRODUCT_NAME = "$(TARGET_NAME)";
				SWIFT_VERSION = 5.0;
				TARGETED_DEVICE_FAMILY = "1,2";
			};
			name = Release;
		};
/* End XCBuildConfiguration section */

/* Begin XCConfigurationList section */
		BF7344C923FA3C0F005997A0 /* Build configuration list for PBXProject "VocaPower" */ = {
			isa = XCConfigurationList;
			buildConfigurations = (
				BF7344E023FA3C12005997A0 /* Debug */,
				BF7344E123FA3C12005997A0 /* Release */,
			);
			defaultConfigurationIsVisible = 0;
			defaultConfigurationName = Release;
		};
		BF7344E223FA3C12005997A0 /* Build configuration list for PBXNativeTarget "VocaPower" */ = {
			isa = XCConfigurationList;
			buildConfigurations = (
				BF7344E323FA3C12005997A0 /* Debug */,
				BF7344E423FA3C12005997A0 /* Release */,
			);
			defaultConfigurationIsVisible = 0;
			defaultConfigurationName = Release;
		};
/* End XCConfigurationList section */
	};
	rootObject = BF7344C623FA3C0F005997A0 /* Project object */;
}
